
Microsoft Visual Studio Solution File, Format Version 12.00
# Visual Studio Version 16
VisualStudioVersion = 16.0.29613.14
MinimumVisualStudioVersion = 10.0.40219.1
Project("{FAE04EC0-301F-11D3-BF4B-00C04F79EFBC}") = "LibraryApi", "..\..\dev\LibraryApi\LibraryApi\LibraryApi.csproj", "{84534F20-C56C-4CF4-836A-494DD904C44C}"
EndProject
Global
	GlobalSection(SolutionConfigurationPlatforms) = preSolution
		Debug|Any CPU = Debug|Any CPU
		Release|Any CPU = Release|Any CPU
	EndGlobalSection
	GlobalSection(ProjectConfigurationPlatforms) = postSolution
		{84534F20-C56C-4CF4-836A-494DD904C44C}.Debug|Any CPU.ActiveCfg = Debug|Any CPU
		{84534F20-C56C-4CF4-836A-494DD904C44C}.Debug|Any CPU.Build.0 = Debug|Any CPU
		{84534F20-C56C-4CF4-836A-494DD904C44C}.Release|Any CPU.ActiveCfg = Release|Any CPU
		{84534F20-C56C-4CF4-836A-494DD904C44C}.Release|Any CPU.Build.0 = Release|Any CPU
	EndGlobalSection
	GlobalSection(SolutionProperties) = preSolution
		HideSolutionNode = FALSE
	EndGlobalSection
	GlobalSection(ExtensibilityGlobals) = postSolution
		SolutionGuid = {B755E821-C16C-47A8-9C7E-4361A8DF89F8}
	EndGlobalSection
EndGlobal
